
Microsoft Visual Studio Solution File, Format Version 12.00
# Visual Studio Version 17
VisualStudioVersion = 17.13.35818.85 d17.13
MinimumVisualStudioVersion = 10.0.40219.1
Project("{FAE04EC0-301F-11D3-BF4B-00C04F79EFBC}") = "Collection-Generic", "Collection-Generic\Collection-Generic.csproj", "{C1FF122F-12D8-4114-B357-0E285B945490}"
EndProject
Global
	GlobalSection(SolutionConfigurationPlatforms) = preSolution
		Debug|Any CPU = Debug|Any CPU
		Release|Any CPU = Release|Any CPU
	EndGlobalSection
	GlobalSection(ProjectConfigurationPlatforms) = postSolution
		{C1FF122F-12D8-4114-B357-0E285B945490}.Debug|Any CPU.ActiveCfg = Debug|Any CPU
		{C1FF122F-12D8-4114-B357-0E285B945490}.Debug|Any CPU.Build.0 = Debug|Any CPU
		{C1FF122F-12D8-4114-B357-0E285B945490}.Release|Any CPU.ActiveCfg = Release|Any CPU
		{C1FF122F-12D8-4114-B357-0E285B945490}.Release|Any CPU.Build.0 = Release|Any CPU
	EndGlobalSection
	GlobalSection(SolutionProperties) = preSolution
		HideSolutionNode = FALSE
	EndGlobalSection
	GlobalSection(ExtensibilityGlobals) = postSolution
		SolutionGuid = {B078E351-5BD8-41B4-8BF2-1AD8A6C80DD5}
	EndGlobalSection
EndGlobal
