
Microsoft Visual Studio Solution File, Format Version 12.00
# Visual Studio Version 17
VisualStudioVersion = 17.13.35818.85 d17.13
MinimumVisualStudioVersion = 10.0.40219.1
Project("{FAE04EC0-301F-11D3-BF4B-00C04F79EFBC}") = "ClassLibrary3", "ClassLibrary3\ClassLibrary3.csproj", "{D6FA6EE6-630F-497F-9196-C55179F99D6C}"
EndProject
Global
	GlobalSection(SolutionConfigurationPlatforms) = preSolution
		Debug|Any CPU = Debug|Any CPU
		Release|Any CPU = Release|Any CPU
	EndGlobalSection
	GlobalSection(ProjectConfigurationPlatforms) = postSolution
		{D6FA6EE6-630F-497F-9196-C55179F99D6C}.Debug|Any CPU.ActiveCfg = Debug|Any CPU
		{D6FA6EE6-630F-497F-9196-C55179F99D6C}.Debug|Any CPU.Build.0 = Debug|Any CPU
		{D6FA6EE6-630F-497F-9196-C55179F99D6C}.Release|Any CPU.ActiveCfg = Release|Any CPU
		{D6FA6EE6-630F-497F-9196-C55179F99D6C}.Release|Any CPU.Build.0 = Release|Any CPU
	EndGlobalSection
	GlobalSection(SolutionProperties) = preSolution
		HideSolutionNode = FALSE
	EndGlobalSection
	GlobalSection(ExtensibilityGlobals) = postSolution
		SolutionGuid = {C1093097-DCEA-4A2E-A851-C84FEFD470AB}
	EndGlobalSection
EndGlobal
