
Microsoft Visual Studio Solution File, Format Version 12.00
# Visual Studio Version 17
VisualStudioVersion = 17.13.35818.85 d17.13
MinimumVisualStudioVersion = 10.0.40219.1
Project("{FAE04EC0-301F-11D3-BF4B-00C04F79EFBC}") = "ClassLibrary2", "ClassLibrary2\ClassLibrary2.csproj", "{D00CA31B-5B2D-46AA-9DFA-5D6477CDBA9A}"
EndProject
Global
	GlobalSection(SolutionConfigurationPlatforms) = preSolution
		Debug|Any CPU = Debug|Any CPU
		Release|Any CPU = Release|Any CPU
	EndGlobalSection
	GlobalSection(ProjectConfigurationPlatforms) = postSolution
		{D00CA31B-5B2D-46AA-9DFA-5D6477CDBA9A}.Debug|Any CPU.ActiveCfg = Debug|Any CPU
		{D00CA31B-5B2D-46AA-9DFA-5D6477CDBA9A}.Debug|Any CPU.Build.0 = Debug|Any CPU
		{D00CA31B-5B2D-46AA-9DFA-5D6477CDBA9A}.Release|Any CPU.ActiveCfg = Release|Any CPU
		{D00CA31B-5B2D-46AA-9DFA-5D6477CDBA9A}.Release|Any CPU.Build.0 = Release|Any CPU
	EndGlobalSection
	GlobalSection(SolutionProperties) = preSolution
		HideSolutionNode = FALSE
	EndGlobalSection
	GlobalSection(ExtensibilityGlobals) = postSolution
		SolutionGuid = {6661DA0C-5225-4A9B-B181-93DED8925C30}
	EndGlobalSection
EndGlobal
