
Microsoft Visual Studio Solution File, Format Version 12.00
# Visual Studio Version 17
VisualStudioVersion = 17.13.35818.85 d17.13
MinimumVisualStudioVersion = 10.0.40219.1
Project("{FAE04EC0-301F-11D3-BF4B-00C04F79EFBC}") = "builtintables", "builtintables\builtintables.csproj", "{082401CD-6944-4C81-9D3A-AFE7886BE139}"
EndProject
Global
	GlobalSection(SolutionConfigurationPlatforms) = preSolution
		Debug|Any CPU = Debug|Any CPU
		Release|Any CPU = Release|Any CPU
	EndGlobalSection
	GlobalSection(ProjectConfigurationPlatforms) = postSolution
		{082401CD-6944-4C81-9D3A-AFE7886BE139}.Debug|Any CPU.ActiveCfg = Debug|Any CPU
		{082401CD-6944-4C81-9D3A-AFE7886BE139}.Debug|Any CPU.Build.0 = Debug|Any CPU
		{082401CD-6944-4C81-9D3A-AFE7886BE139}.Release|Any CPU.ActiveCfg = Release|Any CPU
		{082401CD-6944-4C81-9D3A-AFE7886BE139}.Release|Any CPU.Build.0 = Release|Any CPU
	EndGlobalSection
	GlobalSection(SolutionProperties) = preSolution
		HideSolutionNode = FALSE
	EndGlobalSection
	GlobalSection(ExtensibilityGlobals) = postSolution
		SolutionGuid = {90A54420-0EE5-47E7-B685-3C239D49A965}
	EndGlobalSection
EndGlobal
