
Microsoft Visual Studio Solution File, Format Version 12.00
# Visual Studio Version 17
VisualStudioVersion = 17.13.35818.85 d17.13
MinimumVisualStudioVersion = 10.0.40219.1
Project("{FAE04EC0-301F-11D3-BF4B-00C04F79EFBC}") = "D365ConsoleCRUD", "D365ConsoleCRUD\D365ConsoleCRUD.csproj", "{3A84312A-3F90-483E-BF87-1B39541B629A}"
EndProject
Global
	GlobalSection(SolutionConfigurationPlatforms) = preSolution
		Debug|Any CPU = Debug|Any CPU
		Release|Any CPU = Release|Any CPU
	EndGlobalSection
	GlobalSection(ProjectConfigurationPlatforms) = postSolution
		{3A84312A-3F90-483E-BF87-1B39541B629A}.Debug|Any CPU.ActiveCfg = Debug|Any CPU
		{3A84312A-3F90-483E-BF87-1B39541B629A}.Debug|Any CPU.Build.0 = Debug|Any CPU
		{3A84312A-3F90-483E-BF87-1B39541B629A}.Release|Any CPU.ActiveCfg = Release|Any CPU
		{3A84312A-3F90-483E-BF87-1B39541B629A}.Release|Any CPU.Build.0 = Release|Any CPU
	EndGlobalSection
	GlobalSection(SolutionProperties) = preSolution
		HideSolutionNode = FALSE
	EndGlobalSection
	GlobalSection(ExtensibilityGlobals) = postSolution
		SolutionGuid = {F5901068-EF20-4049-A3C8-8DD3F9BC3057}
	EndGlobalSection
EndGlobal
